hash: a6ece3b86304f96fb31482cd459eb424aa875efcecd3e6abb743e02f1e69805e
updated: 2018-05-13T16:09:27.326568-04:00
imports:
- name: github.com/golang/protobuf
  version: 1643683e1b54a9e88ad26d98f81400c8c9d9f4f9
  subpackages:
  - proto
- name: github.com/google/go-github
  version: e48060a28fac52d0f1cb758bc8b87c07bac4a87d
  subpackages:
  - github
- name: github.com/google/go-querystring
  version: 53e6ce116135b80d037921a7fdd5138cf32d7a8a
  subpackages:
  - query
- name: golang.org/x/net
  version: 1c05540f6879653db88113bc4a2b70aec4bd491f
  subpackages:
  - context
  - context/ctxhttp
- name: golang.org/x/oauth2
  version: cdc340f7c179dbbfa4afd43b7614e8fcadde4269
  subpackages:
  - internal
- name: google.golang.org/appengine
  version: 962cbd1200af94a5a35ba8d512e9f91271b4d01a
  subpackages:
  - internal
  - internal/base
  - internal/datastore
  - internal/log
  - internal/remote_api
  - internal/urlfetch
  - urlfetch
- name: gopkg.in/yaml.v2
  version: 5420a8b6744d3b0345ab293f6fcba19c978f1183
testImports: []
